// !$*UTF8*$!
{
	archiveVersion = 1;
	classes = {
	};
	objectVersion = 50;
	objects = {

/* Begin PBXBuildFile section */
		2C059E6B226EBC8100537450 /* AppDelegate.swift in Sources */ = {isa = PBXBuildFile; fileRef = 2C059E6A226EBC8100537450 /* AppDelegate.swift */; };
		2C059E70226EBC8100537450 /* Main.storyboard in Resources */ = {isa = PBXBuildFile; fileRef = 2C059E6E226EBC8100537450 /* Main.storyboard */; };
		2C059E73226EBC8100537450 /* iOSMeetup.xcdatamodeld in Sources */ = {isa = PBXBuildFile; fileRef = 2C059E71226EBC8100537450 /* iOSMeetup.xcdatamodeld */; };
		2C059E75226EBC8300537450 /* Assets.xcassets in Resources */ = {isa = PBXBuildFile; fileRef = 2C059E74226EBC8300537450 /* Assets.xcassets */; };
		2C059E78226EBC8300537450 /* LaunchScreen.storyboard in Resources */ = {isa = PBXBuildFile; fileRef = 2C059E76226EBC8300537450 /* LaunchScreen.storyboard */; };
		2C059E83226EBC8300537450 /* iOSMeetupTests.swift in Sources */ = {isa = PBXBuildFile; fileRef = 2C059E82226EBC8300537450 /* iOSMeetupTests.swift */; };
		2C059E8E226EBC8300537450 /* iOSMeetupUITests.swift in Sources */ = {isa = PBXBuildFile; fileRef = 2C059E8D226EBC8300537450 /* iOSMeetupUITests.swift */; };
		2C059EA3226EC13600537450 /* ListPresenter.swift in Sources */ = {isa = PBXBuildFile; fileRef = 2C059E9D226EC13600537450 /* ListPresenter.swift */; };
		2C059EA4226EC13600537450 /* ListWorker.swift in Sources */ = {isa = PBXBuildFile; fileRef = 2C059E9E226EC13600537450 /* ListWorker.swift */; };
		2C059EA5226EC13600537450 /* ListRouter.swift in Sources */ = {isa = PBXBuildFile; fileRef = 2C059E9F226EC13600537450 /* ListRouter.swift */; };
		2C059EA6226EC13600537450 /* ListModels.swift in Sources */ = {isa = PBXBuildFile; fileRef = 2C059EA0226EC13600537450 /* ListModels.swift */; };
		2C059EA7226EC13600537450 /* ListViewController.swift in Sources */ = {isa = PBXBuildFile; fileRef = 2C059EA1226EC13600537450 /* ListViewController.swift */; };
		2C059EA8226EC13600537450 /* ListInteractor.swift in Sources */ = {isa = PBXBuildFile; fileRef = 2C059EA2226EC13600537450 /* ListInteractor.swift */; };
		2C059EB0226ED76900537450 /* DetailPresenter.swift in Sources */ = {isa = PBXBuildFile; fileRef = 2C059EAA226ED76900537450 /* DetailPresenter.swift */; };
		2C059EB1226ED76900537450 /* DetailWorker.swift in Sources */ = {isa = PBXBuildFile; fileRef = 2C059EAB226ED76900537450 /* DetailWorker.swift */; };
		2C059EB2226ED76900537450 /* DetailRouter.swift in Sources */ = {isa = PBXBuildFile; fileRef = 2C059EAC226ED76900537450 /* DetailRouter.swift */; };
		2C059EB3226ED76900537450 /* DetailModels.swift in Sources */ = {isa = PBXBuildFile; fileRef = 2C059EAD226ED76900537450 /* DetailModels.swift */; };
		2C059EB4226ED76900537450 /* DetailViewController.swift in Sources */ = {isa = PBXBuildFile; fileRef = 2C059EAE226ED76900537450 /* DetailViewController.swift */; };
		2C059EB5226ED76900537450 /* DetailInteractor.swift in Sources */ = {isa = PBXBuildFile; fileRef = 2C059EAF226ED76900537450 /* DetailInteractor.swift */; };
		2C059EB8226F567E00537450 /* String.swift in Sources */ = {isa = PBXBuildFile; fileRef = 2C059EB7226F567E00537450 /* String.swift */; };
		2C39BC40226FB71B00ABED57 /* loading.gif in Resources */ = {isa = PBXBuildFile; fileRef = 2C39BC3F226FB71B00ABED57 /* loading.gif */; };
		2C491D65226FBA7B00527838 /* UIImage.swift in Sources */ = {isa = PBXBuildFile; fileRef = 2C491D64226FBA7B00527838 /* UIImage.swift */; };
		2C6AAE5B227017F700761C48 /* g70aw.png in Resources */ = {isa = PBXBuildFile; fileRef = 2C6AAE5A227017F700761C48 /* g70aw.png */; };
/* End PBXBuildFile section */

/* Begin PBXContainerItemProxy section */
		2C059E7F226EBC8300537450 /* PBXContainerItemProxy */ = {
			isa = PBXContainerItemProxy;
			containerPortal = 2C059E5F226EBC8100537450 /* Project object */;
			proxyType = 1;
			remoteGlobalIDString = 2C059E66226EBC8100537450;
			remoteInfo = iOSMeetup;
		};
		2C059E8A226EBC8300537450 /* PBXContainerItemProxy */ = {
			isa = PBXContainerItemProxy;
			containerPortal = 2C059E5F226EBC8100537450 /* Project object */;
			proxyType = 1;
			remoteGlobalIDString = 2C059E66226EBC8100537450;
			remoteInfo = iOSMeetup;
		};
/* End PBXContainerItemProxy section */

/* Begin PBXFileReference section */
		2C059E67226EBC8100537450 /* iOSMeetup.app */ = {isa = PBXFileReference; explicitFileType = wrapper.application; includeInIndex = 0; path = iOSMeetup.app; sourceTree = BUILT_PRODUCTS_DIR; };
		2C059E6A226EBC8100537450 /* AppDelegate.swift */ = {isa = PBXFileReference; lastKnownFileType = sourcecode.swift; path = AppDelegate.swift; sourceTree = "<group>"; };
		2C059E6F226EBC8100537450 /* Base */ = {isa = PBXFileReference; lastKnownFileType = file.storyboard; name = Base; path = Base.lproj/Main.storyboard; sourceTree = "<group>"; };
		2C059E72226EBC8100537450 /* iOSMeetup.xcdatamodel */ = {isa = PBXFileReference; lastKnownFileType = wrapper.xcdatamodel; path = iOSMeetup.xcdatamodel; sourceTree = "<group>"; };
		2C059E74226EBC8300537450 /* Assets.xcassets */ = {isa = PBXFileReference; lastKnownFileType = folder.assetcatalog; path = Assets.xcassets; sourceTree = "<group>"; };
		2C059E77226EBC8300537450 /* Base */ = {isa = PBXFileReference; lastKnownFileType = file.storyboard; name = Base; path = Base.lproj/LaunchScreen.storyboard; sourceTree = "<group>"; };
		2C059E79226EBC8300537450 /* Info.plist */ = {isa = PBXFileReference; lastKnownFileType = text.plist.xml; path = Info.plist; sourceTree = "<group>"; };
		2C059E7E226EBC8300537450 /* iOSMeetupTests.xctest */ = {isa = PBXFileReference; explicitFileType = wrapper.cfbundle; includeInIndex = 0; path = iOSMeetupTests.xctest; sourceTree = BUILT_PRODUCTS_DIR; };
		2C059E82226EBC8300537450 /* iOSMeetupTests.swift */ = {isa = PBXFileReference; lastKnownFileType = sourcecode.swift; path = iOSMeetupTests.swift; sourceTree = "<group>"; };
		2C059E84226EBC8300537450 /* Info.plist */ = {isa = PBXFileReference; lastKnownFileType = text.plist.xml; path = Info.plist; sourceTree = "<group>"; };
		2C059E89226EBC8300537450 /* iOSMeetupUITests.xctest */ = {isa = PBXFileReference; explicitFileType = wrapper.cfbundle; includeInIndex = 0; path = iOSMeetupUITests.xctest; sourceTree = BUILT_PRODUCTS_DIR; };
		2C059E8D226EBC8300537450 /* iOSMeetupUITests.swift */ = {isa = PBXFileReference; lastKnownFileType = sourcecode.swift; path = iOSMeetupUITests.swift; sourceTree = "<group>"; };
		2C059E8F226EBC8300537450 /* Info.plist */ = {isa = PBXFileReference; lastKnownFileType = text.plist.xml; path = Info.plist; sourceTree = "<group>"; };
		2C059E9D226EC13600537450 /* ListPresenter.swift */ = {isa = PBXFileReference; lastKnownFileType = sourcecode.swift; path = ListPresenter.swift; sourceTree = "<group>"; };
		2C059E9E226EC13600537450 /* ListWorker.swift */ = {isa = PBXFileReference; lastKnownFileType = sourcecode.swift; path = ListWorker.swift; sourceTree = "<group>"; };
		2C059E9F226EC13600537450 /* ListRouter.swift */ = {isa = PBXFileReference; lastKnownFileType = sourcecode.swift; path = ListRouter.swift; sourceTree = "<group>"; };
		2C059EA0226EC13600537450 /* ListModels.swift */ = {isa = PBXFileReference; lastKnownFileType = sourcecode.swift; path = ListModels.swift; sourceTree = "<group>"; };
		2C059EA1226EC13600537450 /* ListViewController.swift */ = {isa = PBXFileReference; lastKnownFileType = sourcecode.swift; path = ListViewController.swift; sourceTree = "<group>"; };
		2C059EA2226EC13600537450 /* ListInteractor.swift */ = {isa = PBXFileReference; lastKnownFileType = sourcecode.swift; path = ListInteractor.swift; sourceTree = "<group>"; };
		2C059EAA226ED76900537450 /* DetailPresenter.swift */ = {isa = PBXFileReference; lastKnownFileType = sourcecode.swift; path = DetailPresenter.swift; sourceTree = "<group>"; };
		2C059EAB226ED76900537450 /* DetailWorker.swift */ = {isa = PBXFileReference; lastKnownFileType = sourcecode.swift; path = DetailWorker.swift; sourceTree = "<group>"; };
		2C059EAC226ED76900537450 /* DetailRouter.swift */ = {isa = PBXFileReference; lastKnownFileType = sourcecode.swift; path = DetailRouter.swift; sourceTree = "<group>"; };
		2C059EAD226ED76900537450 /* DetailModels.swift */ = {isa = PBXFileReference; lastKnownFileType = sourcecode.swift; path = DetailModels.swift; sourceTree = "<group>"; };
		2C059EAE226ED76900537450 /* DetailViewController.swift */ = {isa = PBXFileReference; lastKnownFileType = sourcecode.swift; path = DetailViewController.swift; sourceTree = "<group>"; };
		2C059EAF226ED76900537450 /* DetailInteractor.swift */ = {isa = PBXFileReference; lastKnownFileType = sourcecode.swift; path = DetailInteractor.swift; sourceTree = "<group>"; };
		2C059EB7226F567E00537450 /* String.swift */ = {isa = PBXFileReference; lastKnownFileType = sourcecode.swift; path = String.swift; sourceTree = "<group>"; };
		2C39BC3F226FB71B00ABED57 /* loading.gif */ = {isa = PBXFileReference; lastKnownFileType = image.gif; path = loading.gif; sourceTree = "<group>"; };
		2C491D64226FBA7B00527838 /* UIImage.swift */ = {isa = PBXFileReference; lastKnownFileType = sourcecode.swift; path = UIImage.swift; sourceTree = "<group>"; };
		2C6AAE5A227017F700761C48 /* g70aw.png */ = {isa = PBXFileReference; lastKnownFileType = image.png; path = g70aw.png; sourceTree = "<group>"; };
/* End PBXFileReference section */

/* Begin PBXFrameworksBuildPhase section */
		2C059E64226EBC8100537450 /* Frameworks */ = {
			isa = PBXFrameworksBuildPhase;
			buildActionMask = 2147483647;
			files = (
			);
			runOnlyForDeploymentPostprocessing = 0;
		};
		2C059E7B226EBC8300537450 /* Frameworks */ = {
			isa = PBXFrameworksBuildPhase;
			buildActionMask = 2147483647;
			files = (
			);
			runOnlyForDeploymentPostprocessing = 0;
		};
		2C059E86226EBC8300537450 /* Frameworks */ = {
			isa = PBXFrameworksBuildPhase;
			buildActionMask = 2147483647;
			files = (
			);
			runOnlyForDeploymentPostprocessing = 0;
		};
/* End PBXFrameworksBuildPhase section */

/* Begin PBXGroup section */
		2C059E5E226EBC8100537450 = {
			isa = PBXGroup;
			children = (
				2C059E69226EBC8100537450 /* iOSMeetup */,
				2C059E81226EBC8300537450 /* iOSMeetupTests */,
				2C059E8C226EBC8300537450 /* iOSMeetupUITests */,
				2C059E68226EBC8100537450 /* Products */,
			);
			sourceTree = "<group>";
		};
		2C059E68226EBC8100537450 /* Products */ = {
			isa = PBXGroup;
			children = (
				2C059E67226EBC8100537450 /* iOSMeetup.app */,
				2C059E7E226EBC8300537450 /* iOSMeetupTests.xctest */,
				2C059E89226EBC8300537450 /* iOSMeetupUITests.xctest */,
			);
			name = Products;
			sourceTree = "<group>";
		};
		2C059E69226EBC8100537450 /* iOSMeetup */ = {
			isa = PBXGroup;
			children = (
				2C39BC3E226FB71200ABED57 /* Images */,
				2C059EB6226F567100537450 /* Utils */,
				2C059E9B226EC10F00537450 /* Scenes */,
				2C059E6A226EBC8100537450 /* AppDelegate.swift */,
				2C059E6E226EBC8100537450 /* Main.storyboard */,
				2C059E74226EBC8300537450 /* Assets.xcassets */,
				2C059E76226EBC8300537450 /* LaunchScreen.storyboard */,
				2C059E79226EBC8300537450 /* Info.plist */,
				2C059E71226EBC8100537450 /* iOSMeetup.xcdatamodeld */,
			);
			path = iOSMeetup;
			sourceTree = "<group>";
		};
		2C059E81226EBC8300537450 /* iOSMeetupTests */ = {
			isa = PBXGroup;
			children = (
				2C059E82226EBC8300537450 /* iOSMeetupTests.swift */,
				2C059E84226EBC8300537450 /* Info.plist */,
			);
			path = iOSMeetupTests;
			sourceTree = "<group>";
		};
		2C059E8C226EBC8300537450 /* iOSMeetupUITests */ = {
			isa = PBXGroup;
			children = (
				2C059E8D226EBC8300537450 /* iOSMeetupUITests.swift */,
				2C059E8F226EBC8300537450 /* Info.plist */,
			);
			path = iOSMeetupUITests;
			sourceTree = "<group>";
		};
		2C059E9B226EC10F00537450 /* Scenes */ = {
			isa = PBXGroup;
			children = (
				2C059EA9226ED75B00537450 /* Detail */,
				2C059E9C226EC11C00537450 /* List */,
			);
			path = Scenes;
			sourceTree = "<group>";
		};
		2C059E9C226EC11C00537450 /* List */ = {
			isa = PBXGroup;
			children = (
				2C059E9D226EC13600537450 /* ListPresenter.swift */,
				2C059E9E226EC13600537450 /* ListWorker.swift */,
				2C059E9F226EC13600537450 /* ListRouter.swift */,
				2C059EA0226EC13600537450 /* ListModels.swift */,
				2C059EA1226EC13600537450 /* ListViewController.swift */,
				2C059EA2226EC13600537450 /* ListInteractor.swift */,
			);
			path = List;
			sourceTree = "<group>";
		};
		2C059EA9226ED75B00537450 /* Detail */ = {
			isa = PBXGroup;
			children = (
				2C059EAA226ED76900537450 /* DetailPresenter.swift */,
				2C059EAB226ED76900537450 /* DetailWorker.swift */,
				2C059EAC226ED76900537450 /* DetailRouter.swift */,
				2C059EAD226ED76900537450 /* DetailModels.swift */,
				2C059EAE226ED76900537450 /* DetailViewController.swift */,
				2C059EAF226ED76900537450 /* DetailInteractor.swift */,
			);
			path = Detail;
			sourceTree = "<group>";
		};
		2C059EB6226F567100537450 /* Utils */ = {
			isa = PBXGroup;
			children = (
				2C059EB7226F567E00537450 /* String.swift */,
				2C491D64226FBA7B00527838 /* UIImage.swift */,
			);
			path = Utils;
			sourceTree = "<group>";
		};
		2C39BC3E226FB71200ABED57 /* Images */ = {
			isa = PBXGroup;
			children = (
				2C6AAE5A227017F700761C48 /* g70aw.png */,
				2C39BC3F226FB71B00ABED57 /* loading.gif */,
			);
			path = Images;
			sourceTree = "<group>";
		};
/* End PBXGroup section */

/* Begin PBXNativeTarget section */
		2C059E66226EBC8100537450 /* iOSMeetup */ = {
			isa = PBXNativeTarget;
			buildConfigurationList = 2C059E92226EBC8300537450 /* Build configuration list for PBXNativeTarget "iOSMeetup" */;
			buildPhases = (
				2C059E63226EBC8100537450 /* Sources */,
				2C059E64226EBC8100537450 /* Frameworks */,
				2C059E65226EBC8100537450 /* Resources */,
			);
			buildRules = (
			);
			dependencies = (
			);
			name = iOSMeetup;
			productName = iOSMeetup;
			productReference = 2C059E67226EBC8100537450 /* iOSMeetup.app */;
			productType = "com.apple.product-type.application";
		};
		2C059E7D226EBC8300537450 /* iOSMeetupTests */ = {
			isa = PBXNativeTarget;
			buildConfigurationList = 2C059E95226EBC8300537450 /* Build configuration list for PBXNativeTarget "iOSMeetupTests" */;
			buildPhases = (
				2C059E7A226EBC8300537450 /* Sources */,
				2C059E7B226EBC8300537450 /* Frameworks */,
				2C059E7C226EBC8300537450 /* Resources */,
			);
			buildRules = (
			);
			dependencies = (
				2C059E80226EBC8300537450 /* PBXTargetDependency */,
			);
			name = iOSMeetupTests;
			productName = iOSMeetupTests;
			productReference = 2C059E7E226EBC8300537450 /* iOSMeetupTests.xctest */;
			productType = "com.apple.product-type.bundle.unit-test";
		};
		2C059E88226EBC8300537450 /* iOSMeetupUITests */ = {
			isa = PBXNativeTarget;
			buildConfigurationList = 2C059E98226EBC8300537450 /* Build configuration list for PBXNativeTarget "iOSMeetupUITests" */;
			buildPhases = (
				2C059E85226EBC8300537450 /* Sources */,
				2C059E86226EBC8300537450 /* Frameworks */,
				2C059E87226EBC8300537450 /* Resources */,
			);
			buildRules = (
			);
			dependencies = (
				2C059E8B226EBC8300537450 /* PBXTargetDependency */,
			);
			name = iOSMeetupUITests;
			productName = iOSMeetupUITests;
			productReference = 2C059E89226EBC8300537450 /* iOSMeetupUITests.xctest */;
			productType = "com.apple.product-type.bundle.ui-testing";
		};
/* End PBXNativeTarget section */

/* Begin PBXProject section */
		2C059E5F226EBC8100537450 /* Project object */ = {
			isa = PBXProject;
			attributes = {
				LastSwiftUpdateCheck = 1020;
				LastUpgradeCheck = 1020;
				ORGANIZATIONNAME = dequin;
				TargetAttributes = {
					2C059E66226EBC8100537450 = {
						CreatedOnToolsVersion = 10.2.1;
					};
					2C059E7D226EBC8300537450 = {
						CreatedOnToolsVersion = 10.2.1;
						TestTargetID = 2C059E66226EBC8100537450;
					};
					2C059E88226EBC8300537450 = {
						CreatedOnToolsVersion = 10.2.1;
						TestTargetID = 2C059E66226EBC8100537450;
					};
				};
			};
			buildConfigurationList = 2C059E62226EBC8100537450 /* Build configuration list for PBXProject "iOSMeetup" */;
			compatibilityVersion = "Xcode 9.3";
			developmentRegion = en;
			hasScannedForEncodings = 0;
			knownRegions = (
				en,
				Base,
			);
			mainGroup = 2C059E5E226EBC8100537450;
			productRefGroup = 2C059E68226EBC8100537450 /* Products */;
			projectDirPath = "";
			projectRoot = "";
			targets = (
				2C059E66226EBC8100537450 /* iOSMeetup */,
				2C059E7D226EBC8300537450 /* iOSMeetupTests */,
				2C059E88226EBC8300537450 /* iOSMeetupUITests */,
			);
		};
/* End PBXProject section */

/* Begin PBXResourcesBuildPhase section */
		2C059E65226EBC8100537450 /* Resources */ = {
			isa = PBXResourcesBuildPhase;
			buildActionMask = 2147483647;
			files = (
				2C059E78226EBC8300537450 /* LaunchScreen.storyboard in Resources */,
				2C6AAE5B227017F700761C48 /* g70aw.png in Resources */,
				2C39BC40226FB71B00ABED57 /* loading.gif in Resources */,
				2C059E75226EBC8300537450 /* Assets.xcassets in Resources */,
				2C059E70226EBC8100537450 /* Main.storyboard in Resources */,
			);
			runOnlyForDeploymentPostprocessing = 0;
		};
		2C059E7C226EBC8300537450 /* Resources */ = {
			isa = PBXResourcesBuildPhase;
			buildActionMask = 2147483647;
			files = (
			);
			runOnlyForDeploymentPostprocessing = 0;
		};
		2C059E87226EBC8300537450 /* Resources */ = {
			isa = PBXResourcesBuildPhase;
			buildActionMask = 2147483647;
			files = (
			);
			runOnlyForDeploymentPostprocessing = 0;
		};
/* End PBXResourcesBuildPhase section */

/* Begin PBXSourcesBuildPhase section */
		2C059E63226EBC8100537450 /* Sources */ = {
			isa = PBXSourcesBuildPhase;
			buildActionMask = 2147483647;
			files = (
				2C059EB4226ED76900537450 /* DetailViewController.swift in Sources */,
				2C059EA5226EC13600537450 /* ListRouter.swift in Sources */,
				2C059EB2226ED76900537450 /* DetailRouter.swift in Sources */,
				2C059E6B226EBC8100537450 /* AppDelegate.swift in Sources */,
				2C059EB0226ED76900537450 /* DetailPresenter.swift in Sources */,
				2C059EA8226EC13600537450 /* ListInteractor.swift in Sources */,
				2C059EB1226ED76900537450 /* DetailWorker.swift in Sources */,
				2C059EA4226EC13600537450 /* ListWorker.swift in Sources */,
				2C059EA3226EC13600537450 /* ListPresenter.swift in Sources */,
				2C491D65226FBA7B00527838 /* UIImage.swift in Sources */,
				2C059EB3226ED76900537450 /* DetailModels.swift in Sources */,
				2C059EA6226EC13600537450 /* ListModels.swift in Sources */,
				2C059EB5226ED76900537450 /* DetailInteractor.swift in Sources */,
				2C059EB8226F567E00537450 /* String.swift in Sources */,
				2C059EA7226EC13600537450 /* ListViewController.swift in Sources */,
				2C059E73226EBC8100537450 /* iOSMeetup.xcdatamodeld in Sources */,
			);
			runOnlyForDeploymentPostprocessing = 0;
		};
		2C059E7A226EBC8300537450 /* Sources */ = {
			isa = PBXSourcesBuildPhase;
			buildActionMask = 2147483647;
			files = (
				2C059E83226EBC8300537450 /* iOSMeetupTests.swift in Sources */,
			);
			runOnlyForDeploymentPostprocessing = 0;
		};
		2C059E85226EBC8300537450 /* Sources */ = {
			isa = PBXSourcesBuildPhase;
			buildActionMask = 2147483647;
			files = (
				2C059E8E226EBC8300537450 /* iOSMeetupUITests.swift in Sources */,
			);
			runOnlyForDeploymentPostprocessing = 0;
		};
/* End PBXSourcesBuildPhase section */

/* Begin PBXTargetDependency section */
		2C059E80226EBC8300537450 /* PBXTargetDependency */ = {
			isa = PBXTargetDependency;
			target = 2C059E66226EBC8100537450 /* iOSMeetup */;
			targetProxy = 2C059E7F226EBC8300537450 /* PBXContainerItemProxy */;
		};
		2C059E8B226EBC8300537450 /* PBXTargetDependency */ = {
			isa = PBXTargetDependency;
			target = 2C059E66226EBC8100537450 /* iOSMeetup */;
			targetProxy = 2C059E8A226EBC8300537450 /* PBXContainerItemProxy */;
		};
/* End PBXTargetDependency section */

/* Begin PBXVariantGroup section */
		2C059E6E226EBC8100537450 /* Main.storyboard */ = {
			isa = PBXVariantGroup;
			children = (
				2C059E6F226EBC8100537450 /* Base */,
			);
			name = Main.storyboard;
			sourceTree = "<group>";
		};
		2C059E76226EBC8300537450 /* LaunchScreen.storyboard */ = {
			isa = PBXVariantGroup;
			children = (
				2C059E77226EBC8300537450 /* Base */,
			);
			name = LaunchScreen.storyboard;
			sourceTree = "<group>";
		};
/* End PBXVariantGroup section */

/* Begin XCBuildConfiguration section */
		2C059E90226EBC8300537450 /* Debug */ = {
			isa = XCBuildConfiguration;
			buildSettings = {
				ALWAYS_SEARCH_USER_PATHS = NO;
				CLANG_ANALYZER_NONNULL = YES;
				CLANG_ANALYZER_NUMBER_OBJECT_CONVERSION = YES_AGGRESSIVE;
				CLANG_CXX_LANGUAGE_STANDARD = "gnu++14";
				CLANG_CXX_LIBRARY = "libc++";
				CLANG_ENABLE_MODULES = YES;
				CLANG_ENABLE_OBJC_ARC = YES;
				CLANG_ENABLE_OBJC_WEAK = YES;
				CLANG_WARN_BLOCK_CAPTURE_AUTORELEASING = YES;
				CLANG_WARN_BOOL_CONVERSION = YES;
				CLANG_WARN_COMMA = YES;
				CLANG_WARN_CONSTANT_CONVERSION = YES;
				CLANG_WARN_DEPRECATED_OBJC_IMPLEMENTATIONS = YES;
				CLANG_WARN_DIRECT_OBJC_ISA_USAGE = YES_ERROR;
				CLANG_WARN_DOCUMENTATION_COMMENTS = YES;
				CLANG_WARN_EMPTY_BODY = YES;
				CLANG_WARN_ENUM_CONVERSION = YES;
				CLANG_WARN_INFINITE_RECURSION = YES;
				CLANG_WARN_INT_CONVERSION = YES;
				CLANG_WARN_NON_LITERAL_NULL_CONVERSION = YES;
				CLANG_WARN_OBJC_IMPLICIT_RETAIN_SELF = YES;
				CLANG_WARN_OBJC_LITERAL_CONVERSION = YES;
				CLANG_WARN_OBJC_ROOT_CLASS = YES_ERROR;
				CLANG_WARN_RANGE_LOOP_ANALYSIS = YES;
				CLANG_WARN_STRICT_PROTOTYPES = YES;
				CLANG_WARN_SUSPICIOUS_MOVE = YES;
				CLANG_WARN_UNGUARDED_AVAILABILITY = YES_AGGRESSIVE;
				CLANG_WARN_UNREACHABLE_CODE = YES;
				CLANG_WARN__DUPLICATE_METHOD_MATCH = YES;
				CODE_SIGN_IDENTITY = "iPhone Developer";
				COPY_PHASE_STRIP = NO;
				DEBUG_INFORMATION_FORMAT = dwarf;
				ENABLE_STRICT_OBJC_MSGSEND = YES;
				ENABLE_TESTABILITY = YES;
				GCC_C_LANGUAGE_STANDARD = gnu11;
				GCC_DYNAMIC_NO_PIC = NO;
				GCC_NO_COMMON_BLOCKS = YES;
				GCC_OPTIMIZATION_LEVEL = 0;
				GCC_PREPROCESSOR_DEFINITIONS = (
					"DEBUG=1",
					"$(inherited)",
				);
				GCC_WARN_64_TO_32_BIT_CONVERSION = YES;
				GCC_WARN_ABOUT_RETURN_TYPE = YES_ERROR;
				GCC_WARN_UNDECLARED_SELECTOR = YES;
				GCC_WARN_UNINITIALIZED_AUTOS = YES_AGGRESSIVE;
				GCC_WARN_UNUSED_FUNCTION = YES;
				GCC_WARN_UNUSED_VARIABLE = YES;
				IPHONEOS_DEPLOYMENT_TARGET = 12.2;
				MTL_ENABLE_DEBUG_INFO = INCLUDE_SOURCE;
				MTL_FAST_MATH = YES;
				ONLY_ACTIVE_ARCH = YES;
				SDKROOT = iphoneos;
				SWIFT_ACTIVE_COMPILATION_CONDITIONS = DEBUG;
				SWIFT_OPTIMIZATION_LEVEL = "-Onone";
			};
			name = Debug;
		};
		2C059E91226EBC8300537450 /* Release */ = {
			isa = XCBuildConfiguration;
			buildSettings = {
				ALWAYS_SEARCH_USER_PATHS = NO;
				CLANG_ANALYZER_NONNULL = YES;
				CLANG_ANALYZER_NUMBER_OBJECT_CONVERSION = YES_AGGRESSIVE;
				CLANG_CXX_LANGUAGE_STANDARD = "gnu++14";
				CLANG_CXX_LIBRARY = "libc++";
				CLANG_ENABLE_MODULES = YES;
				CLANG_ENABLE_OBJC_ARC = YES;
				CLANG_ENABLE_OBJC_WEAK = YES;
				CLANG_WARN_BLOCK_CAPTURE_AUTORELEASING = YES;
				CLANG_WARN_BOOL_CONVERSION = YES;
				CLANG_WARN_COMMA = YES;
				CLANG_WARN_CONSTANT_CONVERSION = YES;
				CLANG_WARN_DEPRECATED_OBJC_IMPLEMENTATIONS = YES;
				CLANG_WARN_DIRECT_OBJC_ISA_USAGE = YES_ERROR;
				CLANG_WARN_DOCUMENTATION_COMMENTS = YES;
				CLANG_WARN_EMPTY_BODY = YES;
				CLANG_WARN_ENUM_CONVERSION = YES;
				CLANG_WARN_INFINITE_RECURSION = YES;
				CLANG_WARN_INT_CONVERSION = YES;
				CLANG_WARN_NON_LITERAL_NULL_CONVERSION = YES;
				CLANG_WARN_OBJC_IMPLICIT_RETAIN_SELF = YES;
				CLANG_WARN_OBJC_LITERAL_CONVERSION = YES;
				CLANG_WARN_OBJC_ROOT_CLASS = YES_ERROR;
				CLANG_WARN_RANGE_LOOP_ANALYSIS = YES;
				CLANG_WARN_STRICT_PROTOTYPES = YES;
				CLANG_WARN_SUSPICIOUS_MOVE = YES;
				CLANG_WARN_UNGUARDED_AVAILABILITY = YES_AGGRESSIVE;
				CLANG_WARN_UNREACHABLE_CODE = YES;
				CLANG_WARN__DUPLICATE_METHOD_MATCH = YES;
				CODE_SIGN_IDENTITY = "iPhone Developer";
				COPY_PHASE_STRIP = NO;
				DEBUG_INFORMATION_FORMAT = "dwarf-with-dsym";
				ENABLE_NS_ASSERTIONS = NO;
				ENABLE_STRICT_OBJC_MSGSEND = YES;
				GCC_C_LANGUAGE_STANDARD = gnu11;
				GCC_NO_COMMON_BLOCKS = YES;
				GCC_WARN_64_TO_32_BIT_CONVERSION = YES;
				GCC_WARN_ABOUT_RETURN_TYPE = YES_ERROR;
				GCC_WARN_UNDECLARED_SELECTOR = YES;
				GCC_WARN_UNINITIALIZED_AUTOS = YES_AGGRESSIVE;
				GCC_WARN_UNUSED_FUNCTION = YES;
				GCC_WARN_UNUSED_VARIABLE = YES;
				IPHONEOS_DEPLOYMENT_TARGET = 12.2;
				MTL_ENABLE_DEBUG_INFO = NO;
				MTL_FAST_MATH = YES;
				SDKROOT = iphoneos;
				SWIFT_COMPILATION_MODE = wholemodule;
				SWIFT_OPTIMIZATION_LEVEL = "-O";
				VALIDATE_PRODUCT = YES;
			};
			name = Release;
		};
		2C059E93226EBC8300537450 /* Debug */ = {
			isa = XCBuildConfiguration;
			buildSettings = {
				ASSETCATALOG_COMPILER_APPICON_NAME = AppIcon;
				CODE_SIGN_STYLE = Automatic;
				DEVELOPMENT_TEAM = 26EP7GUNQN;
				INFOPLIST_FILE = iOSMeetup/Info.plist;
				LD_RUNPATH_SEARCH_PATHS = (
					"$(inherited)",
					"@executable_path/Frameworks",
				);
				PRODUCT_BUNDLE_IDENTIFIER = cl.dequin.iOSMeetup;
				PRODUCT_NAME = "$(TARGET_NAME)";
				SWIFT_VERSION = 5.0;
				TARGETED_DEVICE_FAMILY = "1,2";
			};
			name = Debug;
		};
		2C059E94226EBC8300537450 /* Release */ = {
			isa = XCBuildConfiguration;
			buildSettings = {
				ASSETCATALOG_COMPILER_APPICON_NAME = AppIcon;
				CODE_SIGN_STYLE = Automatic;
				DEVELOPMENT_TEAM = 26EP7GUNQN;
				INFOPLIST_FILE = iOSMeetup/Info.plist;
				LD_RUNPATH_SEARCH_PATHS = (
					"$(inherited)",
					"@executable_path/Frameworks",
				);
				PRODUCT_BUNDLE_IDENTIFIER = cl.dequin.iOSMeetup;
				PRODUCT_NAME = "$(TARGET_NAME)";
				SWIFT_VERSION = 5.0;
				TARGETED_DEVICE_FAMILY = "1,2";
			};
			name = Release;
		};
		2C059E96226EBC8300537450 /* Debug */ = {
			isa = XCBuildConfiguration;
			buildSettings = {
				ALWAYS_EMBED_SWIFT_STANDARD_LIBRARIES = YES;
				BUNDLE_LOADER = "$(TEST_HOST)";
				CODE_SIGN_STYLE = Automatic;
				DEVELOPMENT_TEAM = 26EP7GUNQN;
				INFOPLIST_FILE = iOSMeetupTests/Info.plist;
				LD_RUNPATH_SEARCH_PATHS = (
					"$(inherited)",
					"@executable_path/Frameworks",
					"@loader_path/Frameworks",
				);
				PRODUCT_BUNDLE_IDENTIFIER = cl.dequin.iOSMeetupTests;
				PRODUCT_NAME = "$(TARGET_NAME)";
				SWIFT_VERSION = 5.0;
				TARGETED_DEVICE_FAMILY = "1,2";
				TEST_HOST = "$(BUILT_PRODUCTS_DIR)/iOSMeetup.app/iOSMeetup";
			};
			name = Debug;
		};
		2C059E97226EBC8300537450 /* Release */ = {
			isa = XCBuildConfiguration;
			buildSettings = {
				ALWAYS_EMBED_SWIFT_STANDARD_LIBRARIES = YES;
				BUNDLE_LOADER = "$(TEST_HOST)";
				CODE_SIGN_STYLE = Automatic;
				DEVELOPMENT_TEAM = 26EP7GUNQN;
				INFOPLIST_FILE = iOSMeetupTests/Info.plist;
				LD_RUNPATH_SEARCH_PATHS = (
					"$(inherited)",
					"@executable_path/Frameworks",
					"@loader_path/Frameworks",
				);
				PRODUCT_BUNDLE_IDENTIFIER = cl.dequin.iOSMeetupTests;
				PRODUCT_NAME = "$(TARGET_NAME)";
				SWIFT_VERSION = 5.0;
				TARGETED_DEVICE_FAMILY = "1,2";
				TEST_HOST = "$(BUILT_PRODUCTS_DIR)/iOSMeetup.app/iOSMeetup";
			};
			name = Release;
		};
		2C059E99226EBC8300537450 /* Debug */ = {
			isa = XCBuildConfiguration;
			buildSettings = {
				ALWAYS_EMBED_SWIFT_STANDARD_LIBRARIES = YES;
				CODE_SIGN_STYLE = Automatic;
				DEVELOPMENT_TEAM = 26EP7GUNQN;
				INFOPLIST_FILE = iOSMeetupUITests/Info.plist;
				LD_RUNPATH_SEARCH_PATHS = (
					"$(inherited)",
					"@executable_path/Frameworks",
					"@loader_path/Frameworks",
				);
				PRODUCT_BUNDLE_IDENTIFIER = cl.dequin.iOSMeetupUITests;
				PRODUCT_NAME = "$(TARGET_NAME)";
				SWIFT_VERSION = 5.0;
				TARGETED_DEVICE_FAMILY = "1,2";
				TEST_TARGET_NAME = iOSMeetup;
			};
			name = Debug;
		};
		2C059E9A226EBC8300537450 /* Release */ = {
			isa = XCBuildConfiguration;
			buildSettings = {
				ALWAYS_EMBED_SWIFT_STANDARD_LIBRARIES = YES;
				CODE_SIGN_STYLE = Automatic;
				DEVELOPMENT_TEAM = 26EP7GUNQN;
				INFOPLIST_FILE = iOSMeetupUITests/Info.plist;
				LD_RUNPATH_SEARCH_PATHS = (
					"$(inherited)",
					"@executable_path/Frameworks",
					"@loader_path/Frameworks",
				);
				PRODUCT_BUNDLE_IDENTIFIER = cl.dequin.iOSMeetupUITests;
				PRODUCT_NAME = "$(TARGET_NAME)";
				SWIFT_VERSION = 5.0;
				TARGETED_DEVICE_FAMILY = "1,2";
				TEST_TARGET_NAME = iOSMeetup;
			};
			name = Release;
		};
/* End XCBuildConfiguration section */

/* Begin XCConfigurationList section */
		2C059E62226EBC8100537450 /* Build configuration list for PBXProject "iOSMeetup" */ = {
			isa = XCConfigurationList;
			buildConfigurations = (
				2C059E90226EBC8300537450 /* Debug */,
				2C059E91226EBC8300537450 /* Release */,
			);
			defaultConfigurationIsVisible = 0;
			defaultConfigurationName = Release;
		};
		2C059E92226EBC8300537450 /* Build configuration list for PBXNativeTarget "iOSMeetup" */ = {
			isa = XCConfigurationList;
			buildConfigurations = (
				2C059E93226EBC8300537450 /* Debug */,
				2C059E94226EBC8300537450 /* Release */,
			);
			defaultConfigurationIsVisible = 0;
			defaultConfigurationName = Release;
		};
		2C059E95226EBC8300537450 /* Build configuration list for PBXNativeTarget "iOSMeetupTests" */ = {
			isa = XCConfigurationList;
			buildConfigurations = (
				2C059E96226EBC8300537450 /* Debug */,
				2C059E97226EBC8300537450 /* Release */,
			);
			defaultConfigurationIsVisible = 0;
			defaultConfigurationName = Release;
		};
		2C059E98226EBC8300537450 /* Build configuration list for PBXNativeTarget "iOSMeetupUITests" */ = {
			isa = XCConfigurationList;
			buildConfigurations = (
				2C059E99226EBC8300537450 /* Debug */,
				2C059E9A226EBC8300537450 /* Release */,
			);
			defaultConfigurationIsVisible = 0;
			defaultConfigurationName = Release;
		};
/* End XCConfigurationList section */

/* Begin XCVersionGroup section */
		2C059E71226EBC8100537450 /* iOSMeetup.xcdatamodeld */ = {
			isa = XCVersionGroup;
			children = (
				2C059E72226EBC8100537450 /* iOSMeetup.xcdatamodel */,
			);
			currentVersion = 2C059E72226EBC8100537450 /* iOSMeetup.xcdatamodel */;
			path = iOSMeetup.xcdatamodeld;
			sourceTree = "<group>";
			versionGroupType = wrapper.xcdatamodel;
		};
/* End XCVersionGroup section */
	};
	rootObject = 2C059E5F226EBC8100537450 /* Project object */;
}
